// !$*UTF8*$!
{
	archiveVersion = 1;
	classes = {
	};
	objectVersion = 46;
	objects = {

/* Begin PBXBuildFile section */
		BCEFFF871E781C3E00DACB39 /* AppDelegate.swift in Sources */ = {isa = PBXBuildFile; fileRef = BCEFFF861E781C3E00DACB39 /* AppDelegate.swift */; };
		BCEFFF891E781C3E00DACB39 /* ViewController.swift in Sources */ = {isa = PBXBuildFile; fileRef = BCEFFF881E781C3E00DACB39 /* ViewController.swift */; };
		BCEFFF8C1E781C3E00DACB39 /* Main.storyboard in Resources */ = {isa = PBXBuildFile; fileRef = BCEFFF8A1E781C3E00DACB39 /* Main.storyboard */; };
		BCEFFF8E1E781C3E00DACB39 /* Assets.xcassets in Resources */ = {isa = PBXBuildFile; fileRef = BCEFFF8D1E781C3E00DACB39 /* Assets.xcassets */; };
		BCEFFF911E781C3E00DACB39 /* LaunchScreen.storyboard in Resources */ = {isa = PBXBuildFile; fileRef = BCEFFF8F1E781C3E00DACB39 /* LaunchScreen.storyboard */; };
		BCEFFF9C1E781C3E00DACB39 /* ios_md5_demoTests.swift in Sources */ = {isa = PBXBuildFile; fileRef = BCEFFF9B1E781C3E00DACB39 /* ios_md5_demoTests.swift */; };
		BCEFFFAD1E781CCA00DACB39 /* String+hash.swift in Sources */ = {isa = PBXBuildFile; fileRef = BCEFFFAC1E781CCA00DACB39 /* String+hash.swift */; };
/* End PBXBuildFile section */

/* Begin PBXContainerItemProxy section */
		BCEFFF981E781C3E00DACB39 /* PBXContainerItemProxy */ = {
			isa = PBXContainerItemProxy;
			containerPortal = BCEFFF7B1E781C3E00DACB39 /* Project object */;
			proxyType = 1;
			remoteGlobalIDString = BCEFFF821E781C3E00DACB39;
			remoteInfo = "ios-md5-demo";
		};
/* End PBXContainerItemProxy section */

/* Begin PBXFileReference section */
		BCEFFF831E781C3E00DACB39 /* ios-md5-demo.app */ = {isa = PBXFileReference; explicitFileType = wrapper.application; includeInIndex = 0; path = "ios-md5-demo.app"; sourceTree = BUILT_PRODUCTS_DIR; };
		BCEFFF861E781C3E00DACB39 /* AppDelegate.swift */ = {isa = PBXFileReference; lastKnownFileType = sourcecode.swift; path = AppDelegate.swift; sourceTree = "<group>"; };
		BCEFFF881E781C3E00DACB39 /* ViewController.swift */ = {isa = PBXFileReference; lastKnownFileType = sourcecode.swift; path = ViewController.swift; sourceTree = "<group>"; };
		BCEFFF8B1E781C3E00DACB39 /* Base */ = {isa = PBXFileReference; lastKnownFileType = file.storyboard; name = Base; path = Base.lproj/Main.storyboard; sourceTree = "<group>"; };
		BCEFFF8D1E781C3E00DACB39 /* Assets.xcassets */ = {isa = PBXFileReference; lastKnownFileType = folder.assetcatalog; path = Assets.xcassets; sourceTree = "<group>"; };
		BCEFFF901E781C3E00DACB39 /* Base */ = {isa = PBXFileReference; lastKnownFileType = file.storyboard; name = Base; path = Base.lproj/LaunchScreen.storyboard; sourceTree = "<group>"; };
		BCEFFF921E781C3E00DACB39 /* Info.plist */ = {isa = PBXFileReference; lastKnownFileType = text.plist.xml; path = Info.plist; sourceTree = "<group>"; };
		BCEFFF971E781C3E00DACB39 /* ios-md5-demoTests.xctest */ = {isa = PBXFileReference; explicitFileType = wrapper.cfbundle; includeInIndex = 0; path = "ios-md5-demoTests.xctest"; sourceTree = BUILT_PRODUCTS_DIR; };
		BCEFFF9B1E781C3E00DACB39 /* ios_md5_demoTests.swift */ = {isa = PBXFileReference; lastKnownFileType = sourcecode.swift; path = ios_md5_demoTests.swift; sourceTree = "<group>"; };
		BCEFFF9D1E781C3E00DACB39 /* Info.plist */ = {isa = PBXFileReference; lastKnownFileType = text.plist.xml; path = Info.plist; sourceTree = "<group>"; };
		BCEFFFA71E781C4F00DACB39 /* module.map */ = {isa = PBXFileReference; fileEncoding = 4; lastKnownFileType = "sourcecode.module-map"; path = module.map; sourceTree = "<group>"; };
		BCEFFFA81E781C9800DACB39 /* ios-md5-demo-Bridging-Header.h */ = {isa = PBXFileReference; lastKnownFileType = sourcecode.c.h; path = "ios-md5-demo-Bridging-Header.h"; sourceTree = "<group>"; };
		BCEFFFAC1E781CCA00DACB39 /* String+hash.swift */ = {isa = PBXFileReference; fileEncoding = 4; lastKnownFileType = sourcecode.swift; path = "String+hash.swift"; sourceTree = "<group>"; };
/* End PBXFileReference section */

/* Begin PBXFrameworksBuildPhase section */
		BCEFFF801E781C3E00DACB39 /* Frameworks */ = {
			isa = PBXFrameworksBuildPhase;
			buildActionMask = 2147483647;
			files = (
			);
			runOnlyForDeploymentPostprocessing = 0;
		};
		BCEFFF941E781C3E00DACB39 /* Frameworks */ = {
			isa = PBXFrameworksBuildPhase;
			buildActionMask = 2147483647;
			files = (
			);
			runOnlyForDeploymentPostprocessing = 0;
		};
/* End PBXFrameworksBuildPhase section */

/* Begin PBXGroup section */
		BCEFFF7A1E781C3E00DACB39 = {
			isa = PBXGroup;
			children = (
				BCEFFF851E781C3E00DACB39 /* ios-md5-demo */,
				BCEFFF9A1E781C3E00DACB39 /* ios-md5-demoTests */,
				BCEFFF841E781C3E00DACB39 /* Products */,
				BCEFFFA81E781C9800DACB39 /* ios-md5-demo-Bridging-Header.h */,
			);
			sourceTree = "<group>";
		};
		BCEFFF841E781C3E00DACB39 /* Products */ = {
			isa = PBXGroup;
			children = (
				BCEFFF831E781C3E00DACB39 /* ios-md5-demo.app */,
				BCEFFF971E781C3E00DACB39 /* ios-md5-demoTests.xctest */,
			);
			name = Products;
			sourceTree = "<group>";
		};
		BCEFFF851E781C3E00DACB39 /* ios-md5-demo */ = {
			isa = PBXGroup;
			children = (
				BCEFFFA61E781C4F00DACB39 /* CommonCrypto */,
				BCEFFF861E781C3E00DACB39 /* AppDelegate.swift */,
				BCEFFF881E781C3E00DACB39 /* ViewController.swift */,
				BCEFFF8A1E781C3E00DACB39 /* Main.storyboard */,
				BCEFFF8D1E781C3E00DACB39 /* Assets.xcassets */,
				BCEFFF8F1E781C3E00DACB39 /* LaunchScreen.storyboard */,
				BCEFFF921E781C3E00DACB39 /* Info.plist */,
				BCEFFFAC1E781CCA00DACB39 /* String+hash.swift */,
			);
			path = "ios-md5-demo";
			sourceTree = "<group>";
		};
		BCEFFF9A1E781C3E00DACB39 /* ios-md5-demoTests */ = {
			isa = PBXGroup;
			children = (
				BCEFFF9B1E781C3E00DACB39 /* ios_md5_demoTests.swift */,
				BCEFFF9D1E781C3E00DACB39 /* Info.plist */,
			);
			path = "ios-md5-demoTests";
			sourceTree = "<group>";
		};
		BCEFFFA61E781C4F00DACB39 /* CommonCrypto */ = {
			isa = PBXGroup;
			children = (
				BCEFFFA71E781C4F00DACB39 /* module.map */,
			);
			path = CommonCrypto;
			sourceTree = "<group>";
		};
/* End PBXGroup section */

/* Begin PBXNativeTarget section */
		BCEFFF821E781C3E00DACB39 /* ios-md5-demo */ = {
			isa = PBXNativeTarget;
			buildConfigurationList = BCEFFFA01E781C3E00DACB39 /* Build configuration list for PBXNativeTarget "ios-md5-demo" */;
			buildPhases = (
				BCEFFF7F1E781C3E00DACB39 /* Sources */,
				BCEFFF801E781C3E00DACB39 /* Frameworks */,
				BCEFFF811E781C3E00DACB39 /* Resources */,
			);
			buildRules = (
			);
			dependencies = (
			);
			name = "ios-md5-demo";
			productName = "ios-md5-demo";
			productReference = BCEFFF831E781C3E00DACB39 /* ios-md5-demo.app */;
			productType = "com.apple.product-type.application";
		};
		BCEFFF961E781C3E00DACB39 /* ios-md5-demoTests */ = {
			isa = PBXNativeTarget;
			buildConfigurationList = BCEFFFA31E781C3E00DACB39 /* Build configuration list for PBXNativeTarget "ios-md5-demoTests" */;
			buildPhases = (
				BCEFFF931E781C3E00DACB39 /* Sources */,
				BCEFFF941E781C3E00DACB39 /* Frameworks */,
				BCEFFF951E781C3E00DACB39 /* Resources */,
			);
			buildRules = (
			);
			dependencies = (
				BCEFFF991E781C3E00DACB39 /* PBXTargetDependency */,
			);
			name = "ios-md5-demoTests";
			productName = "ios-md5-demoTests";
			productReference = BCEFFF971E781C3E00DACB39 /* ios-md5-demoTests.xctest */;
			productType = "com.apple.product-type.bundle.unit-test";
		};
/* End PBXNativeTarget section */

/* Begin PBXProject section */
		BCEFFF7B1E781C3E00DACB39 /* Project object */ = {
			isa = PBXProject;
			attributes = {
				LastSwiftUpdateCheck = 0820;
				LastUpgradeCheck = 0820;
				ORGANIZATIONNAME = "Kushida　Eiji";
				TargetAttributes = {
					BCEFFF821E781C3E00DACB39 = {
						CreatedOnToolsVersion = 8.2.1;
						DevelopmentTeam = UE5DCQPTRB;
						LastSwiftMigration = 0820;
						ProvisioningStyle = Automatic;
					};
					BCEFFF961E781C3E00DACB39 = {
						CreatedOnToolsVersion = 8.2.1;
						DevelopmentTeam = UE5DCQPTRB;
						ProvisioningStyle = Automatic;
						TestTargetID = BCEFFF821E781C3E00DACB39;
					};
				};
			};
			buildConfigurationList = BCEFFF7E1E781C3E00DACB39 /* Build configuration list for PBXProject "ios-md5-demo" */;
			compatibilityVersion = "Xcode 3.2";
			developmentRegion = English;
			hasScannedForEncodings = 0;
			knownRegions = (
				en,
				Base,
			);
			mainGroup = BCEFFF7A1E781C3E00DACB39;
			productRefGroup = BCEFFF841E781C3E00DACB39 /* Products */;
			projectDirPath = "";
			projectRoot = "";
			targets = (
				BCEFFF821E781C3E00DACB39 /* ios-md5-demo */,
				BCEFFF961E781C3E00DACB39 /* ios-md5-demoTests */,
			);
		};
/* End PBXProject section */

/* Begin PBXResourcesBuildPhase section */
		BCEFFF811E781C3E00DACB39 /* Resources */ = {
			isa = PBXResourcesBuildPhase;
			buildActionMask = 2147483647;
			files = (
				BCEFFF911E781C3E00DACB39 /* LaunchScreen.storyboard in Resources */,
				BCEFFF8E1E781C3E00DACB39 /* Assets.xcassets in Resources */,
				BCEFFF8C1E781C3E00DACB39 /* Main.storyboard in Resources */,
			);
			runOnlyForDeploymentPostprocessing = 0;
		};
		BCEFFF951E781C3E00DACB39 /* Resources */ = {
			isa = PBXResourcesBuildPhase;
			buildActionMask = 2147483647;
			files = (
			);
			runOnlyForDeploymentPostprocessing = 0;
		};
/* End PBXResourcesBuildPhase section */

/* Begin PBXSourcesBuildPhase section */
		BCEFFF7F1E781C3E00DACB39 /* Sources */ = {
			isa = PBXSourcesBuildPhase;
			buildActionMask = 2147483647;
			files = (
				BCEFFF891E781C3E00DACB39 /* ViewController.swift in Sources */,
				BCEFFFAD1E781CCA00DACB39 /* String+hash.swift in Sources */,
				BCEFFF871E781C3E00DACB39 /* AppDelegate.swift in Sources */,
			);
			runOnlyForDeploymentPostprocessing = 0;
		};
		BCEFFF931E781C3E00DACB39 /* Sources */ = {
			isa = PBXSourcesBuildPhase;
			buildActionMask = 2147483647;
			files = (
				BCEFFF9C1E781C3E00DACB39 /* ios_md5_demoTests.swift in Sources */,
			);
			runOnlyForDeploymentPostprocessing = 0;
		};
/* End PBXSourcesBuildPhase section */

/* Begin PBXTargetDependency section */
		BCEFFF991E781C3E00DACB39 /* PBXTargetDependency */ = {
			isa = PBXTargetDependency;
			target = BCEFFF821E781C3E00DACB39 /* ios-md5-demo */;
			targetProxy = BCEFFF981E781C3E00DACB39 /* PBXContainerItemProxy */;
		};
/* End PBXTargetDependency section */

/* Begin PBXVariantGroup section */
		BCEFFF8A1E781C3E00DACB39 /* Main.storyboard */ = {
			isa = PBXVariantGroup;
			children = (
				BCEFFF8B1E781C3E00DACB39 /* Base */,
			);
			name = Main.storyboard;
			sourceTree = "<group>";
		};
		BCEFFF8F1E781C3E00DACB39 /* LaunchScreen.storyboard */ = {
			isa = PBXVariantGroup;
			children = (
				BCEFFF901E781C3E00DACB39 /* Base */,
			);
			name = LaunchScreen.storyboard;
			sourceTree = "<group>";
		};
/* End PBXVariantGroup section */

/* Begin XCBuildConfiguration section */
		BCEFFF9E1E781C3E00DACB39 /* Debug */ = {
			isa = XCBuildConfiguration;
			buildSettings = {
				ALWAYS_SEARCH_USER_PATHS = NO;
				CLANG_ANALYZER_NONNULL = YES;
				CLANG_CXX_LANGUAGE_STANDARD = "gnu++0x";
				CLANG_CXX_LIBRARY = "libc++";
				CLANG_ENABLE_MODULES = YES;
				CLANG_ENABLE_OBJC_ARC = YES;
				CLANG_WARN_BOOL_CONVERSION = YES;
				CLANG_WARN_CONSTANT_CONVERSION = YES;
				CLANG_WARN_DIRECT_OBJC_ISA_USAGE = YES_ERROR;
				CLANG_WARN_DOCUMENTATION_COMMENTS = YES;
				CLANG_WARN_EMPTY_BODY = YES;
				CLANG_WARN_ENUM_CONVERSION = YES;
				CLANG_WARN_INFINITE_RECURSION = YES;
				CLANG_WARN_INT_CONVERSION = YES;
				CLANG_WARN_OBJC_ROOT_CLASS = YES_ERROR;
				CLANG_WARN_SUSPICIOUS_MOVE = YES;
				CLANG_WARN_UNREACHABLE_CODE = YES;
				CLANG_WARN__DUPLICATE_METHOD_MATCH = YES;
				"CODE_SIGN_IDENTITY[sdk=iphoneos*]" = "iPhone Developer";
				COPY_PHASE_STRIP = NO;
				DEBUG_INFORMATION_FORMAT = dwarf;
				ENABLE_STRICT_OBJC_MSGSEND = YES;
				ENABLE_TESTABILITY = YES;
				GCC_C_LANGUAGE_STANDARD = gnu99;
				GCC_DYNAMIC_NO_PIC = NO;
				GCC_NO_COMMON_BLOCKS = YES;
				GCC_OPTIMIZATION_LEVEL = 0;
				GCC_PREPROCESSOR_DEFINITIONS = (
					"DEBUG=1",
					"$(inherited)",
				);
				GCC_WARN_64_TO_32_BIT_CONVERSION = YES;
				GCC_WARN_ABOUT_RETURN_TYPE = YES_ERROR;
				GCC_WARN_UNDECLARED_SELECTOR = YES;
				GCC_WARN_UNINITIALIZED_AUTOS = YES_AGGRESSIVE;
				GCC_WARN_UNUSED_FUNCTION = YES;
				GCC_WARN_UNUSED_VARIABLE = YES;
				IPHONEOS_DEPLOYMENT_TARGET = 10.2;
				MTL_ENABLE_DEBUG_INFO = YES;
				ONLY_ACTIVE_ARCH = YES;
				SDKROOT = iphoneos;
				SWIFT_ACTIVE_COMPILATION_CONDITIONS = DEBUG;
				SWIFT_OPTIMIZATION_LEVEL = "-Onone";
			};
			name = Debug;
		};
		BCEFFF9F1E781C3E00DACB39 /* Release */ = {
			isa = XCBuildConfiguration;
			buildSettings = {
				ALWAYS_SEARCH_USER_PATHS = NO;
				CLANG_ANALYZER_NONNULL = YES;
				CLANG_CXX_LANGUAGE_STANDARD = "gnu++0x";
				CLANG_CXX_LIBRARY = "libc++";
				CLANG_ENABLE_MODULES = YES;
				CLANG_ENABLE_OBJC_ARC = YES;
				CLANG_WARN_BOOL_CONVERSION = YES;
				CLANG_WARN_CONSTANT_CONVERSION = YES;
				CLANG_WARN_DIRECT_OBJC_ISA_USAGE = YES_ERROR;
				CLANG_WARN_DOCUMENTATION_COMMENTS = YES;
				CLANG_WARN_EMPTY_BODY = YES;
				CLANG_WARN_ENUM_CONVERSION = YES;
				CLANG_WARN_INFINITE_RECURSION = YES;
				CLANG_WARN_INT_CONVERSION = YES;
				CLANG_WARN_OBJC_ROOT_CLASS = YES_ERROR;
				CLANG_WARN_SUSPICIOUS_MOVE = YES;
				CLANG_WARN_UNREACHABLE_CODE = YES;
				CLANG_WARN__DUPLICATE_METHOD_MATCH = YES;
				"CODE_SIGN_IDENTITY[sdk=iphoneos*]" = "iPhone Developer";
				COPY_PHASE_STRIP = NO;
				DEBUG_INFORMATION_FORMAT = "dwarf-with-dsym";
				ENABLE_NS_ASSERTIONS = NO;
				ENABLE_STRICT_OBJC_MSGSEND = YES;
				GCC_C_LANGUAGE_STANDARD = gnu99;
				GCC_NO_COMMON_BLOCKS = YES;
				GCC_WARN_64_TO_32_BIT_CONVERSION = YES;
				GCC_WARN_ABOUT_RETURN_TYPE = YES_ERROR;
				GCC_WARN_UNDECLARED_SELECTOR = YES;
				GCC_WARN_UNINITIALIZED_AUTOS = YES_AGGRESSIVE;
				GCC_WARN_UNUSED_FUNCTION = YES;
				GCC_WARN_UNUSED_VARIABLE = YES;
				IPHONEOS_DEPLOYMENT_TARGET = 10.2;
				MTL_ENABLE_DEBUG_INFO = NO;
				SDKROOT = iphoneos;
				SWIFT_OPTIMIZATION_LEVEL = "-Owholemodule";
				VALIDATE_PRODUCT = YES;
			};
			name = Release;
		};
		BCEFFFA11E781C3E00DACB39 /* Debug */ = {
			isa = XCBuildConfiguration;
			buildSettings = {
				ASSETCATALOG_COMPILER_APPICON_NAME = AppIcon;
				CLANG_ENABLE_MODULES = YES;
				DEVELOPMENT_TEAM = UE5DCQPTRB;
				INFOPLIST_FILE = "ios-md5-demo/Info.plist";
				LD_RUNPATH_SEARCH_PATHS = "$(inherited) @executable_path/Frameworks";
				PRODUCT_BUNDLE_IDENTIFIER = "jp.st-ventures.ios-md5-demo";
				PRODUCT_NAME = "$(TARGET_NAME)";
				SWIFT_INCLUDE_PATHS = "${SRCROOT}/CommonCrypto";
				SWIFT_OBJC_BRIDGING_HEADER = "ios-md5-demo-Bridging-Header.h";
				SWIFT_OPTIMIZATION_LEVEL = "-Onone";
				SWIFT_VERSION = 3.0;
			};
			name = Debug;
		};
		BCEFFFA21E781C3E00DACB39 /* Release */ = {
			isa = XCBuildConfiguration;
			buildSettings = {
				ASSETCATALOG_COMPILER_APPICON_NAME = AppIcon;
				CLANG_ENABLE_MODULES = YES;
				DEVELOPMENT_TEAM = UE5DCQPTRB;
				INFOPLIST_FILE = "ios-md5-demo/Info.plist";
				LD_RUNPATH_SEARCH_PATHS = "$(inherited) @executable_path/Frameworks";
				PRODUCT_BUNDLE_IDENTIFIER = "jp.st-ventures.ios-md5-demo";
				PRODUCT_NAME = "$(TARGET_NAME)";
				SWIFT_INCLUDE_PATHS = "${SRCROOT}/CommonCrypto";
				SWIFT_OBJC_BRIDGING_HEADER = "ios-md5-demo-Bridging-Header.h";
				SWIFT_VERSION = 3.0;
			};
			name = Release;
		};
		BCEFFFA41E781C3E00DACB39 /* Debug */ = {
			isa = XCBuildConfiguration;
			buildSettings = {
				ALWAYS_EMBED_SWIFT_STANDARD_LIBRARIES = YES;
				BUNDLE_LOADER = "$(TEST_HOST)";
				DEVELOPMENT_TEAM = UE5DCQPTRB;
				INFOPLIST_FILE = "ios-md5-demoTests/Info.plist";
				LD_RUNPATH_SEARCH_PATHS = "$(inherited) @executable_path/Frameworks @loader_path/Frameworks";
				PRODUCT_BUNDLE_IDENTIFIER = "jp.st-ventures.ios-md5-demoTests";
				PRODUCT_NAME = "$(TARGET_NAME)";
				SWIFT_VERSION = 3.0;
				TEST_HOST = "$(BUILT_PRODUCTS_DIR)/ios-md5-demo.app/ios-md5-demo";
			};
			name = Debug;
		};
		BCEFFFA51E781C3E00DACB39 /* Release */ = {
			isa = XCBuildConfiguration;
			buildSettings = {
				ALWAYS_EMBED_SWIFT_STANDARD_LIBRARIES = YES;
				BUNDLE_LOADER = "$(TEST_HOST)";
				DEVELOPMENT_TEAM = UE5DCQPTRB;
				INFOPLIST_FILE = "ios-md5-demoTests/Info.plist";
				LD_RUNPATH_SEARCH_PATHS = "$(inherited) @executable_path/Frameworks @loader_path/Frameworks";
				PRODUCT_BUNDLE_IDENTIFIER = "jp.st-ventures.ios-md5-demoTests";
				PRODUCT_NAME = "$(TARGET_NAME)";
				SWIFT_VERSION = 3.0;
				TEST_HOST = "$(BUILT_PRODUCTS_DIR)/ios-md5-demo.app/ios-md5-demo";
			};
			name = Release;
		};
/* End XCBuildConfiguration section */

/* Begin XCConfigurationList section */
		BCEFFF7E1E781C3E00DACB39 /* Build configuration list for PBXProject "ios-md5-demo" */ = {
			isa = XCConfigurationList;
			buildConfigurations = (
				BCEFFF9E1E781C3E00DACB39 /* Debug */,
				BCEFFF9F1E781C3E00DACB39 /* Release */,
			);
			defaultConfigurationIsVisible = 0;
			defaultConfigurationName = Release;
		};
		BCEFFFA01E781C3E00DACB39 /* Build configuration list for PBXNativeTarget "ios-md5-demo" */ = {
			isa = XCConfigurationList;
			buildConfigurations = (
				BCEFFFA11E781C3E00DACB39 /* Debug */,
				BCEFFFA21E781C3E00DACB39 /* Release */,
			);
			defaultConfigurationIsVisible = 0;
		};
		BCEFFFA31E781C3E00DACB39 /* Build configuration list for PBXNativeTarget "ios-md5-demoTests" */ = {
			isa = XCConfigurationList;
			buildConfigurations = (
				BCEFFFA41E781C3E00DACB39 /* Debug */,
				BCEFFFA51E781C3E00DACB39 /* Release */,
			);
			defaultConfigurationIsVisible = 0;
		};
/* End XCConfigurationList section */
	};
	rootObject = BCEFFF7B1E781C3E00DACB39 /* Project object */;
}
